{
  "name": "omarpets",
  "version": "0.2.2",
  "lockfileVersion": 3,
  "requires": true,
  "packages": {
    "": {
      "name": "omarpets",
      "version": "0.2.2",
      "license": "MIT",
      "bin": {
        "omarpets": "bin/omarpets.js"
      },
      "engines": {
        "node": ">=20"
      }
    }
  }
}
